// !$*UTF8*$!
{
	archiveVersion = 1;
	classes = {
	};
	objectVersion = 50;
	objects = {

/* Begin PBXBuildFile section */
		8B0BD0B122133B1700474FF4 /* dma.c in Sources */ = {isa = PBXBuildFile; fileRef = 8B0BD0AF2213331000474FF4 /* dma.c */; };
		8B208A9022673F9300D1944B /* GBImageView.m in Sources */ = {isa = PBXBuildFile; fileRef = 8B44BAD422141881001D4318 /* GBImageView.m */; };
		8B3E99C821F26BE700FA2526 /* Assets.xcassets in Resources */ = {isa = PBXBuildFile; fileRef = 8B3E99C721F26BE700FA2526 /* Assets.xcassets */; };
		8B3E99CB21F26BE800FA2526 /* MainMenu.xib in Resources */ = {isa = PBXBuildFile; fileRef = 8B3E99C921F26BE800FA2526 /* MainMenu.xib */; };
		8B3E99E921F5342000FA2526 /* gameboy.c in Sources */ = {isa = PBXBuildFile; fileRef = 8B3E99E821F5342000FA2526 /* gameboy.c */; };
		8B3E99EB21F5342500FA2526 /* gameboy.h in Headers */ = {isa = PBXBuildFile; fileRef = 8B3E99EA21F5342400FA2526 /* gameboy.h */; };
		8B3E99ED21F5343500FA2526 /* main.s in Sources */ = {isa = PBXBuildFile; fileRef = 8B3E99EC21F5343500FA2526 /* main.s */; };
		8B3E99F721F5667B00FA2526 /* libEmulator.dylib in Frameworks */ = {isa = PBXBuildFile; fileRef = 8B3E99E121F533C100FA2526 /* libEmulator.dylib */; };
		8B44BAD622141881001D4318 /* GBAppDelegate.m in Sources */ = {isa = PBXBuildFile; fileRef = 8B44BAD322141881001D4318 /* GBAppDelegate.m */; };
		8B4C28D422060F09005FE36A /* lcd.c in Sources */ = {isa = PBXBuildFile; fileRef = 8B4C28D222060EFD005FE36A /* lcd.c */; };
		8B4C28D622064014005FE36A /* tetris.gb in Resources */ = {isa = PBXBuildFile; fileRef = 8B4C28D522064014005FE36A /* tetris.gb */; };
		8B6C5C0E222680C800CABFBB /* GBFragment.glsl in Resources */ = {isa = PBXBuildFile; fileRef = 8B6C5C0D222680C800CABFBB /* GBFragment.glsl */; };
		8B6C5C10222680D200CABFBB /* GBVertex.glsl in Resources */ = {isa = PBXBuildFile; fileRef = 8B6C5C0F222680D200CABFBB /* GBVertex.glsl */; };
		8B86B8A7220CB3C60097AF73 /* 02-interrupts.gb in Resources */ = {isa = PBXBuildFile; fileRef = 8B86B89D220CB38F0097AF73 /* 02-interrupts.gb */; };
		8B86B8A8220CB3C60097AF73 /* 04-op r,imm.gb in Resources */ = {isa = PBXBuildFile; fileRef = 8B86B89E220CB38F0097AF73 /* 04-op r,imm.gb */; };
		8B86B8A9220CB3C60097AF73 /* 07-jr,jp,call,ret,rst.gb in Resources */ = {isa = PBXBuildFile; fileRef = 8B86B89F220CB38F0097AF73 /* 07-jr,jp,call,ret,rst.gb */; };
		8B86B8AA220CB3C60097AF73 /* 08-misc instrs.gb in Resources */ = {isa = PBXBuildFile; fileRef = 8B86B8A1220CB38F0097AF73 /* 08-misc instrs.gb */; };
		8B86B8AB220CB3C60097AF73 /* 11-op a,(hl).gb in Resources */ = {isa = PBXBuildFile; fileRef = 8B86B8A0220CB38F0097AF73 /* 11-op a,(hl).gb */; };
		8B86B8AC220CB3C60097AF73 /* 01-special.gb in Resources */ = {isa = PBXBuildFile; fileRef = 8B97627B220CB37B0059F606 /* 01-special.gb */; };
		8B86B8AD220CB3C60097AF73 /* 03-op sp,hl.gb in Resources */ = {isa = PBXBuildFile; fileRef = 8B976279220CB37B0059F606 /* 03-op sp,hl.gb */; };
		8B86B8AE220CB3C60097AF73 /* 05-op rp.gb in Resources */ = {isa = PBXBuildFile; fileRef = 8B976278220CB37B0059F606 /* 05-op rp.gb */; };
		8B86B8AF220CB3C60097AF73 /* 06-ld r,r.gb in Resources */ = {isa = PBXBuildFile; fileRef = 8B97627A220CB37B0059F606 /* 06-ld r,r.gb */; };
		8B86B8B0220CB3C60097AF73 /* 09-op r,r.gb in Resources */ = {isa = PBXBuildFile; fileRef = 8B97627D220CB37B0059F606 /* 09-op r,r.gb */; };
		8B86B8B1220CB3C60097AF73 /* 10-bit ops.gb in Resources */ = {isa = PBXBuildFile; fileRef = 8B97627C220CB37B0059F606 /* 10-bit ops.gb */; };
		8B86B8B3220CBA280097AF73 /* opus5.gb in Resources */ = {isa = PBXBuildFile; fileRef = 8B86B8B2220CBA280097AF73 /* opus5.gb */; };
		8B976277220CB09A0059F606 /* drm.gb in Resources */ = {isa = PBXBuildFile; fileRef = 8B976275220CB09A0059F606 /* drm.gb */; };
		8BA00B232203F584009CE00B /* ic.c in Sources */ = {isa = PBXBuildFile; fileRef = 8BA00B222203F584009CE00B /* ic.c */; };
		8BB4DBEB22602A9400008FD6 /* GBGameboyInstance.m in Sources */ = {isa = PBXBuildFile; fileRef = 8BB4DBEA22602A9400008FD6 /* GBGameboyInstance.m */; };
		8BB4DBF322602B4E00008FD6 /* GBStateWindow.m in Sources */ = {isa = PBXBuildFile; fileRef = 8BB4DBF122602B4E00008FD6 /* GBStateWindow.m */; };
		8BB4DC0222602C2500008FD6 /* GBScreen.m in Sources */ = {isa = PBXBuildFile; fileRef = 8BB4DC0022602C2500008FD6 /* GBScreen.m */; };
		8BDE5B11226858BA005535B8 /* GBPaletteWindow.m in Sources */ = {isa = PBXBuildFile; fileRef = 8BDE5B0F226858BA005535B8 /* GBPaletteWindow.m */; };
		8BDE5B16226858C6005535B8 /* GBBackgroundWindow.m in Sources */ = {isa = PBXBuildFile; fileRef = 8BDE5B14226858C6005535B8 /* GBBackgroundWindow.m */; };
		8BDE5B1722685AB3005535B8 /* GBStateWindow.xib in Resources */ = {isa = PBXBuildFile; fileRef = 8BDE5B1922685AB3005535B8 /* GBStateWindow.xib */; };
		8BDE5B1A22685AC5005535B8 /* GBScreen.xib in Resources */ = {isa = PBXBuildFile; fileRef = 8BDE5B1C22685AC5005535B8 /* GBScreen.xib */; };
		8BDE5B1D22685ACB005535B8 /* GBPaletteWindow.xib in Resources */ = {isa = PBXBuildFile; fileRef = 8BDE5B1F22685ACB005535B8 /* GBPaletteWindow.xib */; };
		8BDE5B2022685ACE005535B8 /* GBBackgroundWindow.xib in Resources */ = {isa = PBXBuildFile; fileRef = 8BDE5B2222685ACE005535B8 /* GBBackgroundWindow.xib */; };
		8BEDFBA8220C8C7D00F3F598 /* gamepad.c in Sources */ = {isa = PBXBuildFile; fileRef = 8BEDFBA6220C876900F3F598 /* gamepad.c */; };
		8BF79B9522058DD5003CAB0D /* bios.c in Sources */ = {isa = PBXBuildFile; fileRef = 8B3E99FB21F5690600FA2526 /* bios.c */; };
		8BF79B9622058DD5003CAB0D /* mmio.c in Sources */ = {isa = PBXBuildFile; fileRef = 8B3E99FD21F5701D00FA2526 /* mmio.c */; };
		8BF79B9722058DD5003CAB0D /* mmu.c in Sources */ = {isa = PBXBuildFile; fileRef = 8B3E99FF21F5766400FA2526 /* mmu.c */; };
		8BF79B9822058DD5003CAB0D /* wram.c in Sources */ = {isa = PBXBuildFile; fileRef = 8B3E9A0121F585D800FA2526 /* wram.c */; };
		8BF79B9922058DD5003CAB0D /* cart.c in Sources */ = {isa = PBXBuildFile; fileRef = 8B430D1921FBD80000DE5302 /* cart.c */; };
		8BF79B9A22058DD5003CAB0D /* cpu.c in Sources */ = {isa = PBXBuildFile; fileRef = 8B430D1B21FE787000DE5302 /* cpu.c */; };
		8BF79B9B22058DD9003CAB0D /* disasm.c in Sources */ = {isa = PBXBuildFile; fileRef = 8B430D252201F5FA00DE5302 /* disasm.c */; };
		8BF79B9C22058DD9003CAB0D /* clock.c in Sources */ = {isa = PBXBuildFile; fileRef = 8BF79B9322058A55003CAB0D /* clock.c */; };
/* End PBXBuildFile section */

/* Begin PBXContainerItemProxy section */
		8B3E99F821F566C800FA2526 /* PBXContainerItemProxy */ = {
			isa = PBXContainerItemProxy;
			containerPortal = 8B3E99B921F26BE600FA2526 /* Project object */;
			proxyType = 1;
			remoteGlobalIDString = 8B3E99E021F533C100FA2526;
			remoteInfo = Emulator;
		};
/* End PBXContainerItemProxy section */

/* Begin PBXFileReference section */
		8B0BD0AF2213331000474FF4 /* dma.c */ = {isa = PBXFileReference; lastKnownFileType = sourcecode.c.c; path = dma.c; sourceTree = "<group>"; };
		8B3E99C121F26BE600FA2526 /* Gameboy.app */ = {isa = PBXFileReference; explicitFileType = wrapper.application; includeInIndex = 0; path = Gameboy.app; sourceTree = BUILT_PRODUCTS_DIR; };
		8B3E99C721F26BE700FA2526 /* Assets.xcassets */ = {isa = PBXFileReference; lastKnownFileType = folder.assetcatalog; path = Assets.xcassets; sourceTree = "<group>"; };
		8B3E99CA21F26BE800FA2526 /* Base */ = {isa = PBXFileReference; lastKnownFileType = file.xib; name = Base; path = Base.lproj/MainMenu.xib; sourceTree = "<group>"; };
		8B3E99CC21F26BE800FA2526 /* Info.plist */ = {isa = PBXFileReference; lastKnownFileType = text.plist.xml; path = Info.plist; sourceTree = "<group>"; };
		8B3E99CF21F26BE800FA2526 /* Gameboy.entitlements */ = {isa = PBXFileReference; lastKnownFileType = text.plist.entitlements; path = Gameboy.entitlements; sourceTree = "<group>"; };
		8B3E99E121F533C100FA2526 /* libEmulator.dylib */ = {isa = PBXFileReference; explicitFileType = "compiled.mach-o.dylib"; includeInIndex = 0; path = libEmulator.dylib; sourceTree = BUILT_PRODUCTS_DIR; };
		8B3E99E821F5342000FA2526 /* gameboy.c */ = {isa = PBXFileReference; fileEncoding = 4; lastKnownFileType = sourcecode.c.c; path = gameboy.c; sourceTree = "<group>"; };
		8B3E99EA21F5342400FA2526 /* gameboy.h */ = {isa = PBXFileReference; fileEncoding = 4; lastKnownFileType = sourcecode.c.h; path = gameboy.h; sourceTree = "<group>"; };
		8B3E99EC21F5343500FA2526 /* main.s */ = {isa = PBXFileReference; lastKnownFileType = sourcecode.asm; path = main.s; sourceTree = "<group>"; };
		8B3E99EE21F5636C00FA2526 /* cpu.h */ = {isa = PBXFileReference; lastKnownFileType = sourcecode.c.h; path = cpu.h; sourceTree = "<group>"; };
		8B3E99EF21F5637500FA2526 /* mmu.h */ = {isa = PBXFileReference; lastKnownFileType = sourcecode.c.h; path = mmu.h; sourceTree = "<group>"; };
		8B3E99F021F563CB00FA2526 /* base.h */ = {isa = PBXFileReference; lastKnownFileType = sourcecode.c.h; path = base.h; sourceTree = "<group>"; };
		8B3E99F121F5643B00FA2526 /* wram.h */ = {isa = PBXFileReference; lastKnownFileType = sourcecode.c.h; path = wram.h; sourceTree = "<group>"; };
		8B3E99F221F5644000FA2526 /* lcd.h */ = {isa = PBXFileReference; lastKnownFileType = sourcecode.c.h; path = lcd.h; sourceTree = "<group>"; };
		8B3E99F321F5644600FA2526 /* apu.h */ = {isa = PBXFileReference; lastKnownFileType = sourcecode.c.h; path = apu.h; sourceTree = "<group>"; };
		8B3E99F421F5649800FA2526 /* mmio.h */ = {isa = PBXFileReference; lastKnownFileType = sourcecode.c.h; path = mmio.h; sourceTree = "<group>"; };
		8B3E99F521F564CA00FA2526 /* cart.h */ = {isa = PBXFileReference; lastKnownFileType = sourcecode.c.h; path = cart.h; sourceTree = "<group>"; };
		8B3E99FA21F567CC00FA2526 /* bios.h */ = {isa = PBXFileReference; lastKnownFileType = sourcecode.c.h; path = bios.h; sourceTree = "<group>"; };
		8B3E99FB21F5690600FA2526 /* bios.c */ = {isa = PBXFileReference; lastKnownFileType = sourcecode.c.c; path = bios.c; sourceTree = "<group>"; };
		8B3E99FD21F5701D00FA2526 /* mmio.c */ = {isa = PBXFileReference; lastKnownFileType = sourcecode.c.c; path = mmio.c; sourceTree = "<group>"; };
		8B3E99FF21F5766400FA2526 /* mmu.c */ = {isa = PBXFileReference; lastKnownFileType = sourcecode.c.c; path = mmu.c; sourceTree = "<group>"; };
		8B3E9A0121F585D800FA2526 /* wram.c */ = {isa = PBXFileReference; lastKnownFileType = sourcecode.c.c; path = wram.c; sourceTree = "<group>"; };
		8B430D1921FBD80000DE5302 /* cart.c */ = {isa = PBXFileReference; lastKnownFileType = sourcecode.c.c; path = cart.c; sourceTree = "<group>"; };
		8B430D1B21FE787000DE5302 /* cpu.c */ = {isa = PBXFileReference; lastKnownFileType = sourcecode.c.c; path = cpu.c; sourceTree = "<group>"; };
		8B430D1D21FE7DC100DE5302 /* 指令集.h */ = {isa = PBXFileReference; lastKnownFileType = sourcecode.c.h; path = "指令集.h"; sourceTree = "<group>"; };
		8B430D21220161B700DE5302 /* clock.h */ = {isa = PBXFileReference; lastKnownFileType = sourcecode.c.h; path = clock.h; sourceTree = "<group>"; };
		8B430D22220161ED00DE5302 /* dma.h */ = {isa = PBXFileReference; lastKnownFileType = sourcecode.c.h; path = dma.h; sourceTree = "<group>"; };
		8B430D232201627000DE5302 /* gamepad.h */ = {isa = PBXFileReference; lastKnownFileType = sourcecode.c.h; path = gamepad.h; sourceTree = "<group>"; };
		8B430D242201F54800DE5302 /* disasm.h */ = {isa = PBXFileReference; lastKnownFileType = sourcecode.c.h; path = disasm.h; sourceTree = "<group>"; };
		8B430D252201F5FA00DE5302 /* disasm.c */ = {isa = PBXFileReference; lastKnownFileType = sourcecode.c.c; path = disasm.c; sourceTree = "<group>"; };
		8B44BACE22141881001D4318 /* GBAppDelegate.h */ = {isa = PBXFileReference; fileEncoding = 4; lastKnownFileType = sourcecode.c.h; path = GBAppDelegate.h; sourceTree = "<group>"; };
		8B44BACF22141881001D4318 /* GBImageView.h */ = {isa = PBXFileReference; fileEncoding = 4; lastKnownFileType = sourcecode.c.h; path = GBImageView.h; sourceTree = "<group>"; };
		8B44BAD322141881001D4318 /* GBAppDelegate.m */ = {isa = PBXFileReference; fileEncoding = 4; lastKnownFileType = sourcecode.c.objc; path = GBAppDelegate.m; sourceTree = "<group>"; };
		8B44BAD422141881001D4318 /* GBImageView.m */ = {isa = PBXFileReference; fileEncoding = 4; lastKnownFileType = sourcecode.c.objc; path = GBImageView.m; sourceTree = "<group>"; };
		8B4C28D222060EFD005FE36A /* lcd.c */ = {isa = PBXFileReference; lastKnownFileType = sourcecode.c.c; path = lcd.c; sourceTree = "<group>"; };
		8B4C28D522064014005FE36A /* tetris.gb */ = {isa = PBXFileReference; lastKnownFileType = file; path = tetris.gb; sourceTree = "<group>"; };
		8B6C5C0D222680C800CABFBB /* GBFragment.glsl */ = {isa = PBXFileReference; lastKnownFileType = text; path = GBFragment.glsl; sourceTree = "<group>"; };
		8B6C5C0F222680D200CABFBB /* GBVertex.glsl */ = {isa = PBXFileReference; lastKnownFileType = text; path = GBVertex.glsl; sourceTree = "<group>"; };
		8B86B89D220CB38F0097AF73 /* 02-interrupts.gb */ = {isa = PBXFileReference; lastKnownFileType = file; path = "02-interrupts.gb"; sourceTree = "<group>"; };
		8B86B89E220CB38F0097AF73 /* 04-op r,imm.gb */ = {isa = PBXFileReference; lastKnownFileType = file; path = "04-op r,imm.gb"; sourceTree = "<group>"; };
		8B86B89F220CB38F0097AF73 /* 07-jr,jp,call,ret,rst.gb */ = {isa = PBXFileReference; lastKnownFileType = file; path = "07-jr,jp,call,ret,rst.gb"; sourceTree = "<group>"; };
		8B86B8A0220CB38F0097AF73 /* 11-op a,(hl).gb */ = {isa = PBXFileReference; lastKnownFileType = file; path = "11-op a,(hl).gb"; sourceTree = "<group>"; };
		8B86B8A1220CB38F0097AF73 /* 08-misc instrs.gb */ = {isa = PBXFileReference; lastKnownFileType = file; path = "08-misc instrs.gb"; sourceTree = "<group>"; };
		8B86B8B2220CBA280097AF73 /* opus5.gb */ = {isa = PBXFileReference; lastKnownFileType = file; path = opus5.gb; sourceTree = "<group>"; };
		8B976275220CB09A0059F606 /* drm.gb */ = {isa = PBXFileReference; lastKnownFileType = file; path = drm.gb; sourceTree = "<group>"; };
		8B976278220CB37B0059F606 /* 05-op rp.gb */ = {isa = PBXFileReference; lastKnownFileType = file; path = "05-op rp.gb"; sourceTree = "<group>"; };
		8B976279220CB37B0059F606 /* 03-op sp,hl.gb */ = {isa = PBXFileReference; lastKnownFileType = file; path = "03-op sp,hl.gb"; sourceTree = "<group>"; };
		8B97627A220CB37B0059F606 /* 06-ld r,r.gb */ = {isa = PBXFileReference; lastKnownFileType = file; path = "06-ld r,r.gb"; sourceTree = "<group>"; };
		8B97627B220CB37B0059F606 /* 01-special.gb */ = {isa = PBXFileReference; lastKnownFileType = file; path = "01-special.gb"; sourceTree = "<group>"; };
		8B97627C220CB37B0059F606 /* 10-bit ops.gb */ = {isa = PBXFileReference; lastKnownFileType = file; path = "10-bit ops.gb"; sourceTree = "<group>"; };
		8B97627D220CB37B0059F606 /* 09-op r,r.gb */ = {isa = PBXFileReference; lastKnownFileType = file; path = "09-op r,r.gb"; sourceTree = "<group>"; };
		8BA00B212203F490009CE00B /* ic.h */ = {isa = PBXFileReference; lastKnownFileType = sourcecode.c.h; path = ic.h; sourceTree = "<group>"; };
		8BA00B222203F584009CE00B /* ic.c */ = {isa = PBXFileReference; lastKnownFileType = sourcecode.c.c; path = ic.c; sourceTree = "<group>"; };
		8BB4DBE922602A9400008FD6 /* GBGameboyInstance.h */ = {isa = PBXFileReference; lastKnownFileType = sourcecode.c.h; path = GBGameboyInstance.h; sourceTree = "<group>"; };
		8BB4DBEA22602A9400008FD6 /* GBGameboyInstance.m */ = {isa = PBXFileReference; lastKnownFileType = sourcecode.c.objc; path = GBGameboyInstance.m; sourceTree = "<group>"; };
		8BB4DBF022602B4E00008FD6 /* GBStateWindow.h */ = {isa = PBXFileReference; lastKnownFileType = sourcecode.c.h; path = GBStateWindow.h; sourceTree = "<group>"; };
		8BB4DBF122602B4E00008FD6 /* GBStateWindow.m */ = {isa = PBXFileReference; lastKnownFileType = sourcecode.c.objc; path = GBStateWindow.m; sourceTree = "<group>"; };
		8BB4DBFF22602C2500008FD6 /* GBScreen.h */ = {isa = PBXFileReference; lastKnownFileType = sourcecode.c.h; path = GBScreen.h; sourceTree = "<group>"; };
		8BB4DC0022602C2500008FD6 /* GBScreen.m */ = {isa = PBXFileReference; lastKnownFileType = sourcecode.c.objc; path = GBScreen.m; sourceTree = "<group>"; };
		8BDE5B0E226858BA005535B8 /* GBPaletteWindow.h */ = {isa = PBXFileReference; lastKnownFileType = sourcecode.c.h; path = GBPaletteWindow.h; sourceTree = "<group>"; };
		8BDE5B0F226858BA005535B8 /* GBPaletteWindow.m */ = {isa = PBXFileReference; lastKnownFileType = sourcecode.c.objc; path = GBPaletteWindow.m; sourceTree = "<group>"; };
		8BDE5B13226858C6005535B8 /* GBBackgroundWindow.h */ = {isa = PBXFileReference; lastKnownFileType = sourcecode.c.h; path = GBBackgroundWindow.h; sourceTree = "<group>"; };
		8BDE5B14226858C6005535B8 /* GBBackgroundWindow.m */ = {isa = PBXFileReference; lastKnownFileType = sourcecode.c.objc; path = GBBackgroundWindow.m; sourceTree = "<group>"; };
		8BDE5B1822685AB3005535B8 /* Base */ = {isa = PBXFileReference; lastKnownFileType = file.xib; name = Base; path = Base.lproj/GBStateWindow.xib; sourceTree = "<group>"; };
		8BDE5B1B22685AC5005535B8 /* Base */ = {isa = PBXFileReference; lastKnownFileType = file.xib; name = Base; path = Base.lproj/GBScreen.xib; sourceTree = "<group>"; };
		8BDE5B1E22685ACB005535B8 /* Base */ = {isa = PBXFileReference; lastKnownFileType = file.xib; name = Base; path = Base.lproj/GBPaletteWindow.xib; sourceTree = "<group>"; };
		8BDE5B2122685ACE005535B8 /* Base */ = {isa = PBXFileReference; lastKnownFileType = file.xib; name = Base; path = Base.lproj/GBBackgroundWindow.xib; sourceTree = "<group>"; };
		8BEDFBA6220C876900F3F598 /* gamepad.c */ = {isa = PBXFileReference; lastKnownFileType = sourcecode.c.c; path = gamepad.c; sourceTree = "<group>"; };
		8BF79B9322058A55003CAB0D /* clock.c */ = {isa = PBXFileReference; lastKnownFileType = sourcecode.c.c; path = clock.c; sourceTree = "<group>"; };
/* End PBXFileReference section */

/* Begin PBXFrameworksBuildPhase section */
		8B3E99BE21F26BE600FA2526 /* Frameworks */ = {
			isa = PBXFrameworksBuildPhase;
			buildActionMask = 2147483647;
			files = (
				8B3E99F721F5667B00FA2526 /* libEmulator.dylib in Frameworks */,
			);
			runOnlyForDeploymentPostprocessing = 0;
		};
		8B3E99DF21F533C100FA2526 /* Frameworks */ = {
			isa = PBXFrameworksBuildPhase;
			buildActionMask = 2147483647;
			files = (
			);
			runOnlyForDeploymentPostprocessing = 0;
		};
/* End PBXFrameworksBuildPhase section */

/* Begin PBXGroup section */
		8B3E99B821F26BE600FA2526 = {
			isa = PBXGroup;
			children = (
				8B3E99C321F26BE600FA2526 /* Gameboy */,
				8B3E99E521F533FB00FA2526 /* libGameboy */,
				8B3E99C221F26BE600FA2526 /* Products */,
				8B976273220CB09A0059F606 /* games */,
				8B3E99F621F5667B00FA2526 /* Frameworks */,
			);
			sourceTree = "<group>";
		};
		8B3E99C221F26BE600FA2526 /* Products */ = {
			isa = PBXGroup;
			children = (
				8B3E99C121F26BE600FA2526 /* Gameboy.app */,
				8B3E99E121F533C100FA2526 /* libEmulator.dylib */,
			);
			name = Products;
			sourceTree = "<group>";
		};
		8B3E99C321F26BE600FA2526 /* Gameboy */ = {
			isa = PBXGroup;
			children = (
				8B44BACD22141881001D4318 /* headers */,
				8B44BAD122141881001D4318 /* source */,
				8BDE5B2422685CB7005535B8 /* interface */,
				8B3E99C721F26BE700FA2526 /* Assets.xcassets */,
				8B3E99CC21F26BE800FA2526 /* Info.plist */,
				8B3E99CF21F26BE800FA2526 /* Gameboy.entitlements */,
				8B3E99EC21F5343500FA2526 /* main.s */,
				8B6C5C0D222680C800CABFBB /* GBFragment.glsl */,
				8B6C5C0F222680D200CABFBB /* GBVertex.glsl */,
			);
			path = Gameboy;
			sourceTree = "<group>";
		};
		8B3E99E521F533FB00FA2526 /* libGameboy */ = {
			isa = PBXGroup;
			children = (
				8B3E99E721F533FB00FA2526 /* headers */,
				8B3E99E621F533FB00FA2526 /* source */,
			);
			path = libGameboy;
			sourceTree = "<group>";
		};
		8B3E99E621F533FB00FA2526 /* source */ = {
			isa = PBXGroup;
			children = (
				8B3E99E821F5342000FA2526 /* gameboy.c */,
				8B3E99FB21F5690600FA2526 /* bios.c */,
				8BF79B9322058A55003CAB0D /* clock.c */,
				8B4C28D222060EFD005FE36A /* lcd.c */,
				8B3E99FD21F5701D00FA2526 /* mmio.c */,
				8B3E99FF21F5766400FA2526 /* mmu.c */,
				8B3E9A0121F585D800FA2526 /* wram.c */,
				8B430D1921FBD80000DE5302 /* cart.c */,
				8BA00B222203F584009CE00B /* ic.c */,
				8B430D1B21FE787000DE5302 /* cpu.c */,
				8B430D1D21FE7DC100DE5302 /* 指令集.h */,
				8B430D252201F5FA00DE5302 /* disasm.c */,
				8BEDFBA6220C876900F3F598 /* gamepad.c */,
				8B0BD0AF2213331000474FF4 /* dma.c */,
			);
			path = source;
			sourceTree = "<group>";
		};
		8B3E99E721F533FB00FA2526 /* headers */ = {
			isa = PBXGroup;
			children = (
				8B3E99EA21F5342400FA2526 /* gameboy.h */,
				8B3E99F021F563CB00FA2526 /* base.h */,
				8B3E99FA21F567CC00FA2526 /* bios.h */,
				8B3E99EE21F5636C00FA2526 /* cpu.h */,
				8B3E99EF21F5637500FA2526 /* mmu.h */,
				8B3E99F421F5649800FA2526 /* mmio.h */,
				8B3E99F121F5643B00FA2526 /* wram.h */,
				8B3E99F221F5644000FA2526 /* lcd.h */,
				8B3E99F321F5644600FA2526 /* apu.h */,
				8B3E99F521F564CA00FA2526 /* cart.h */,
				8B430D21220161B700DE5302 /* clock.h */,
				8B430D22220161ED00DE5302 /* dma.h */,
				8B430D232201627000DE5302 /* gamepad.h */,
				8B430D242201F54800DE5302 /* disasm.h */,
				8BA00B212203F490009CE00B /* ic.h */,
			);
			path = headers;
			sourceTree = "<group>";
		};
		8B3E99F621F5667B00FA2526 /* Frameworks */ = {
			isa = PBXGroup;
			children = (
			);
			name = Frameworks;
			sourceTree = "<group>";
		};
		8B44BACD22141881001D4318 /* headers */ = {
			isa = PBXGroup;
			children = (
				8B44BACE22141881001D4318 /* GBAppDelegate.h */,
				8BDE5B13226858C6005535B8 /* GBBackgroundWindow.h */,
				8BB4DBE922602A9400008FD6 /* GBGameboyInstance.h */,
				8B44BACF22141881001D4318 /* GBImageView.h */,
				8BDE5B0E226858BA005535B8 /* GBPaletteWindow.h */,
				8BB4DBFF22602C2500008FD6 /* GBScreen.h */,
				8BB4DBF022602B4E00008FD6 /* GBStateWindow.h */,
			);
			path = headers;
			sourceTree = "<group>";
		};
		8B44BAD122141881001D4318 /* source */ = {
			isa = PBXGroup;
			children = (
				8B44BAD322141881001D4318 /* GBAppDelegate.m */,
				8BDE5B14226858C6005535B8 /* GBBackgroundWindow.m */,
				8BB4DBEA22602A9400008FD6 /* GBGameboyInstance.m */,
				8B44BAD422141881001D4318 /* GBImageView.m */,
				8BDE5B0F226858BA005535B8 /* GBPaletteWindow.m */,
				8BB4DC0022602C2500008FD6 /* GBScreen.m */,
				8BB4DBF122602B4E00008FD6 /* GBStateWindow.m */,
			);
			path = source;
			sourceTree = "<group>";
		};
		8B976273220CB09A0059F606 /* games */ = {
			isa = PBXGroup;
			children = (
				8B86B8B2220CBA280097AF73 /* opus5.gb */,
				8B86B89D220CB38F0097AF73 /* 02-interrupts.gb */,
				8B86B89E220CB38F0097AF73 /* 04-op r,imm.gb */,
				8B86B89F220CB38F0097AF73 /* 07-jr,jp,call,ret,rst.gb */,
				8B86B8A1220CB38F0097AF73 /* 08-misc instrs.gb */,
				8B86B8A0220CB38F0097AF73 /* 11-op a,(hl).gb */,
				8B97627B220CB37B0059F606 /* 01-special.gb */,
				8B976279220CB37B0059F606 /* 03-op sp,hl.gb */,
				8B976278220CB37B0059F606 /* 05-op rp.gb */,
				8B97627A220CB37B0059F606 /* 06-ld r,r.gb */,
				8B97627D220CB37B0059F606 /* 09-op r,r.gb */,
				8B97627C220CB37B0059F606 /* 10-bit ops.gb */,
				8B4C28D522064014005FE36A /* tetris.gb */,
				8B976275220CB09A0059F606 /* drm.gb */,
			);
			path = games;
			sourceTree = "<group>";
		};
		8BDE5B2422685CB7005535B8 /* interface */ = {
			isa = PBXGroup;
			children = (
				8B3E99C921F26BE800FA2526 /* MainMenu.xib */,
				8BDE5B2222685ACE005535B8 /* GBBackgroundWindow.xib */,
				8BDE5B1F22685ACB005535B8 /* GBPaletteWindow.xib */,
				8BDE5B1922685AB3005535B8 /* GBStateWindow.xib */,
				8BDE5B1C22685AC5005535B8 /* GBScreen.xib */,
			);
			name = interface;
			sourceTree = "<group>";
		};
/* End PBXGroup section */

/* Begin PBXHeadersBuildPhase section */
		8B3E99DD21F533C100FA2526 /* Headers */ = {
			isa = PBXHeadersBuildPhase;
			buildActionMask = 2147483647;
			files = (
				8B3E99EB21F5342500FA2526 /* gameboy.h in Headers */,
			);
			runOnlyForDeploymentPostprocessing = 0;
		};
/* End PBXHeadersBuildPhase section */

/* Begin PBXNativeTarget section */
		8B3E99C021F26BE600FA2526 /* Gameboy */ = {
			isa = PBXNativeTarget;
			buildConfigurationList = 8B3E99D221F26BE800FA2526 /* Build configuration list for PBXNativeTarget "Gameboy" */;
			buildPhases = (
				8B3E99BD21F26BE600FA2526 /* Sources */,
				8B3E99BE21F26BE600FA2526 /* Frameworks */,
				8B3E99BF21F26BE600FA2526 /* Resources */,
			);
			buildRules = (
			);
			dependencies = (
				8B3E99F921F566C800FA2526 /* PBXTargetDependency */,
			);
			name = Gameboy;
			productName = Gameboy;
			productReference = 8B3E99C121F26BE600FA2526 /* Gameboy.app */;
			productType = "com.apple.product-type.application";
		};
		8B3E99E021F533C100FA2526 /* Emulator */ = {
			isa = PBXNativeTarget;
			buildConfigurationList = 8B3E99E221F533C100FA2526 /* Build configuration list for PBXNativeTarget "Emulator" */;
			buildPhases = (
				8B3E99DD21F533C100FA2526 /* Headers */,
				8B3E99DE21F533C100FA2526 /* Sources */,
				8B3E99DF21F533C100FA2526 /* Frameworks */,
			);
			buildRules = (
			);
			dependencies = (
			);
			name = Emulator;
			productName = libGameboy;
			productReference = 8B3E99E121F533C100FA2526 /* libEmulator.dylib */;
			productType = "com.apple.product-type.library.dynamic";
		};
/* End PBXNativeTarget section */

/* Begin PBXProject section */
		8B3E99B921F26BE600FA2526 /* Project object */ = {
			isa = PBXProject;
			attributes = {
				LastUpgradeCheck = 1000;
				ORGANIZATIONNAME = "Corona Industries LTD";
				TargetAttributes = {
					8B3E99C021F26BE600FA2526 = {
						CreatedOnToolsVersion = 10.0;
					};
					8B3E99E021F533C100FA2526 = {
						CreatedOnToolsVersion = 10.0;
					};
				};
			};
			buildConfigurationList = 8B3E99BC21F26BE600FA2526 /* Build configuration list for PBXProject "Gameboy" */;
			compatibilityVersion = "Xcode 9.3";
			developmentRegion = en;
			hasScannedForEncodings = 0;
			knownRegions = (
				en,
				Base,
			);
			mainGroup = 8B3E99B821F26BE600FA2526;
			productRefGroup = 8B3E99C221F26BE600FA2526 /* Products */;
			projectDirPath = "";
			projectRoot = "";
			targets = (
				8B3E99C021F26BE600FA2526 /* Gameboy */,
				8B3E99E021F533C100FA2526 /* Emulator */,
			);
		};
/* End PBXProject section */

/* Begin PBXResourcesBuildPhase section */
		8B3E99BF21F26BE600FA2526 /* Resources */ = {
			isa = PBXResourcesBuildPhase;
			buildActionMask = 2147483647;
			files = (
				8B976277220CB09A0059F606 /* drm.gb in Resources */,
				8B4C28D622064014005FE36A /* tetris.gb in Resources */,
				8B3E99C821F26BE700FA2526 /* Assets.xcassets in Resources */,
				8BDE5B1D22685ACB005535B8 /* GBPaletteWindow.xib in Resources */,
				8BDE5B1A22685AC5005535B8 /* GBScreen.xib in Resources */,
				8B3E99CB21F26BE800FA2526 /* MainMenu.xib in Resources */,
				8BDE5B2022685ACE005535B8 /* GBBackgroundWindow.xib in Resources */,
				8B6C5C0E222680C800CABFBB /* GBFragment.glsl in Resources */,
				8B86B8A7220CB3C60097AF73 /* 02-interrupts.gb in Resources */,
				8B86B8A8220CB3C60097AF73 /* 04-op r,imm.gb in Resources */,
				8B86B8A9220CB3C60097AF73 /* 07-jr,jp,call,ret,rst.gb in Resources */,
				8B86B8AA220CB3C60097AF73 /* 08-misc instrs.gb in Resources */,
				8B86B8AB220CB3C60097AF73 /* 11-op a,(hl).gb in Resources */,
				8B86B8AC220CB3C60097AF73 /* 01-special.gb in Resources */,
				8B86B8AD220CB3C60097AF73 /* 03-op sp,hl.gb in Resources */,
				8B6C5C10222680D200CABFBB /* GBVertex.glsl in Resources */,
				8B86B8B3220CBA280097AF73 /* opus5.gb in Resources */,
				8B86B8AE220CB3C60097AF73 /* 05-op rp.gb in Resources */,
				8BDE5B1722685AB3005535B8 /* GBStateWindow.xib in Resources */,
				8B86B8AF220CB3C60097AF73 /* 06-ld r,r.gb in Resources */,
				8B86B8B0220CB3C60097AF73 /* 09-op r,r.gb in Resources */,
				8B86B8B1220CB3C60097AF73 /* 10-bit ops.gb in Resources */,
			);
			runOnlyForDeploymentPostprocessing = 0;
		};
/* End PBXResourcesBuildPhase section */

/* Begin PBXSourcesBuildPhase section */
		8B3E99BD21F26BE600FA2526 /* Sources */ = {
			isa = PBXSourcesBuildPhase;
			buildActionMask = 2147483647;
			files = (
				8BDE5B16226858C6005535B8 /* GBBackgroundWindow.m in Sources */,
				8B208A9022673F9300D1944B /* GBImageView.m in Sources */,
				8BB4DC0222602C2500008FD6 /* GBScreen.m in Sources */,
				8BB4DBEB22602A9400008FD6 /* GBGameboyInstance.m in Sources */,
				8BB4DBF322602B4E00008FD6 /* GBStateWindow.m in Sources */,
				8B44BAD622141881001D4318 /* GBAppDelegate.m in Sources */,
				8BDE5B11226858BA005535B8 /* GBPaletteWindow.m in Sources */,
				8B3E99ED21F5343500FA2526 /* main.s in Sources */,
			);
			runOnlyForDeploymentPostprocessing = 0;
		};
		8B3E99DE21F533C100FA2526 /* Sources */ = {
			isa = PBXSourcesBuildPhase;
			buildActionMask = 2147483647;
			files = (
				8B0BD0B122133B1700474FF4 /* dma.c in Sources */,
				8BEDFBA8220C8C7D00F3F598 /* gamepad.c in Sources */,
				8B4C28D422060F09005FE36A /* lcd.c in Sources */,
				8BF79B9B22058DD9003CAB0D /* disasm.c in Sources */,
				8BF79B9C22058DD9003CAB0D /* clock.c in Sources */,
				8BF79B9522058DD5003CAB0D /* bios.c in Sources */,
				8BF79B9622058DD5003CAB0D /* mmio.c in Sources */,
				8BF79B9722058DD5003CAB0D /* mmu.c in Sources */,
				8BF79B9822058DD5003CAB0D /* wram.c in Sources */,
				8BF79B9922058DD5003CAB0D /* cart.c in Sources */,
				8BF79B9A22058DD5003CAB0D /* cpu.c in Sources */,
				8BA00B232203F584009CE00B /* ic.c in Sources */,
				8B3E99E921F5342000FA2526 /* gameboy.c in Sources */,
			);
			runOnlyForDeploymentPostprocessing = 0;
		};
/* End PBXSourcesBuildPhase section */

/* Begin PBXTargetDependency section */
		8B3E99F921F566C800FA2526 /* PBXTargetDependency */ = {
			isa = PBXTargetDependency;
			target = 8B3E99E021F533C100FA2526 /* Emulator */;
			targetProxy = 8B3E99F821F566C800FA2526 /* PBXContainerItemProxy */;
		};
/* End PBXTargetDependency section */

/* Begin PBXVariantGroup section */
		8B3E99C921F26BE800FA2526 /* MainMenu.xib */ = {
			isa = PBXVariantGroup;
			children = (
				8B3E99CA21F26BE800FA2526 /* Base */,
			);
			name = MainMenu.xib;
			sourceTree = "<group>";
		};
		8BDE5B1922685AB3005535B8 /* GBStateWindow.xib */ = {
			isa = PBXVariantGroup;
			children = (
				8BDE5B1822685AB3005535B8 /* Base */,
			);
			name = GBStateWindow.xib;
			sourceTree = "<group>";
		};
		8BDE5B1C22685AC5005535B8 /* GBScreen.xib */ = {
			isa = PBXVariantGroup;
			children = (
				8BDE5B1B22685AC5005535B8 /* Base */,
			);
			name = GBScreen.xib;
			sourceTree = "<group>";
		};
		8BDE5B1F22685ACB005535B8 /* GBPaletteWindow.xib */ = {
			isa = PBXVariantGroup;
			children = (
				8BDE5B1E22685ACB005535B8 /* Base */,
			);
			name = GBPaletteWindow.xib;
			sourceTree = "<group>";
		};
		8BDE5B2222685ACE005535B8 /* GBBackgroundWindow.xib */ = {
			isa = PBXVariantGroup;
			children = (
				8BDE5B2122685ACE005535B8 /* Base */,
			);
			name = GBBackgroundWindow.xib;
			sourceTree = "<group>";
		};
/* End PBXVariantGroup section */

/* Begin XCBuildConfiguration section */
		8B3E99D021F26BE800FA2526 /* Debug */ = {
			isa = XCBuildConfiguration;
			buildSettings = {
				ALWAYS_SEARCH_USER_PATHS = NO;
				CLANG_ANALYZER_NONNULL = YES;
				CLANG_ANALYZER_NUMBER_OBJECT_CONVERSION = YES_AGGRESSIVE;
				CLANG_CXX_LANGUAGE_STANDARD = "gnu++14";
				CLANG_CXX_LIBRARY = "libc++";
				CLANG_ENABLE_MODULES = YES;
				CLANG_ENABLE_OBJC_ARC = YES;
				CLANG_ENABLE_OBJC_WEAK = YES;
				CLANG_WARN_BLOCK_CAPTURE_AUTORELEASING = YES;
				CLANG_WARN_BOOL_CONVERSION = YES;
				CLANG_WARN_COMMA = YES;
				CLANG_WARN_CONSTANT_CONVERSION = YES;
				CLANG_WARN_DEPRECATED_OBJC_IMPLEMENTATIONS = YES;
				CLANG_WARN_DIRECT_OBJC_ISA_USAGE = YES_ERROR;
				CLANG_WARN_DOCUMENTATION_COMMENTS = YES;
				CLANG_WARN_EMPTY_BODY = YES;
				CLANG_WARN_ENUM_CONVERSION = YES;
				CLANG_WARN_INFINITE_RECURSION = YES;
				CLANG_WARN_INT_CONVERSION = YES;
				CLANG_WARN_NON_LITERAL_NULL_CONVERSION = YES;
				CLANG_WARN_OBJC_IMPLICIT_RETAIN_SELF = YES;
				CLANG_WARN_OBJC_LITERAL_CONVERSION = YES;
				CLANG_WARN_OBJC_ROOT_CLASS = YES_ERROR;
				CLANG_WARN_RANGE_LOOP_ANALYSIS = YES;
				CLANG_WARN_STRICT_PROTOTYPES = YES;
				CLANG_WARN_SUSPICIOUS_MOVE = YES;
				CLANG_WARN_UNGUARDED_AVAILABILITY = YES_AGGRESSIVE;
				CLANG_WARN_UNREACHABLE_CODE = YES;
				CLANG_WARN__DUPLICATE_METHOD_MATCH = YES;
				CODE_SIGN_IDENTITY = "-";
				COPY_PHASE_STRIP = NO;
				DEBUG_INFORMATION_FORMAT = dwarf;
				ENABLE_STRICT_OBJC_MSGSEND = YES;
				ENABLE_TESTABILITY = YES;
				GCC_C_LANGUAGE_STANDARD = gnu11;
				GCC_DYNAMIC_NO_PIC = NO;
				GCC_NO_COMMON_BLOCKS = YES;
				GCC_OPTIMIZATION_LEVEL = 0;
				GCC_PREPROCESSOR_DEFINITIONS = (
					"DEBUG=1",
					"$(inherited)",
				);
				GCC_WARN_64_TO_32_BIT_CONVERSION = YES;
				GCC_WARN_ABOUT_RETURN_TYPE = YES_ERROR;
				GCC_WARN_UNDECLARED_SELECTOR = YES;
				GCC_WARN_UNINITIALIZED_AUTOS = YES_AGGRESSIVE;
				GCC_WARN_UNUSED_FUNCTION = YES;
				GCC_WARN_UNUSED_VARIABLE = YES;
				MACOSX_DEPLOYMENT_TARGET = 10.13;
				MTL_ENABLE_DEBUG_INFO = INCLUDE_SOURCE;
				ONLY_ACTIVE_ARCH = YES;
				SDKROOT = macosx;
			};
			name = Debug;
		};
		8B3E99D121F26BE800FA2526 /* Release */ = {
			isa = XCBuildConfiguration;
			buildSettings = {
				ALWAYS_SEARCH_USER_PATHS = NO;
				CLANG_ANALYZER_NONNULL = YES;
				CLANG_ANALYZER_NUMBER_OBJECT_CONVERSION = YES_AGGRESSIVE;
				CLANG_CXX_LANGUAGE_STANDARD = "gnu++14";
				CLANG_CXX_LIBRARY = "libc++";
				CLANG_ENABLE_MODULES = YES;
				CLANG_ENABLE_OBJC_ARC = YES;
				CLANG_ENABLE_OBJC_WEAK = YES;
				CLANG_WARN_BLOCK_CAPTURE_AUTORELEASING = YES;
				CLANG_WARN_BOOL_CONVERSION = YES;
				CLANG_WARN_COMMA = YES;
				CLANG_WARN_CONSTANT_CONVERSION = YES;
				CLANG_WARN_DEPRECATED_OBJC_IMPLEMENTATIONS = YES;
				CLANG_WARN_DIRECT_OBJC_ISA_USAGE = YES_ERROR;
				CLANG_WARN_DOCUMENTATION_COMMENTS = YES;
				CLANG_WARN_EMPTY_BODY = YES;
				CLANG_WARN_ENUM_CONVERSION = YES;
				CLANG_WARN_INFINITE_RECURSION = YES;
				CLANG_WARN_INT_CONVERSION = YES;
				CLANG_WARN_NON_LITERAL_NULL_CONVERSION = YES;
				CLANG_WARN_OBJC_IMPLICIT_RETAIN_SELF = YES;
				CLANG_WARN_OBJC_LITERAL_CONVERSION = YES;
				CLANG_WARN_OBJC_ROOT_CLASS = YES_ERROR;
				CLANG_WARN_RANGE_LOOP_ANALYSIS = YES;
				CLANG_WARN_STRICT_PROTOTYPES = YES;
				CLANG_WARN_SUSPICIOUS_MOVE = YES;
				CLANG_WARN_UNGUARDED_AVAILABILITY = YES_AGGRESSIVE;
				CLANG_WARN_UNREACHABLE_CODE = YES;
				CLANG_WARN__DUPLICATE_METHOD_MATCH = YES;
				CODE_SIGN_IDENTITY = "-";
				COPY_PHASE_STRIP = NO;
				DEBUG_INFORMATION_FORMAT = "dwarf-with-dsym";
				ENABLE_NS_ASSERTIONS = NO;
				ENABLE_STRICT_OBJC_MSGSEND = YES;
				GCC_C_LANGUAGE_STANDARD = gnu11;
				GCC_NO_COMMON_BLOCKS = YES;
				GCC_WARN_64_TO_32_BIT_CONVERSION = YES;
				GCC_WARN_ABOUT_RETURN_TYPE = YES_ERROR;
				GCC_WARN_UNDECLARED_SELECTOR = YES;
				GCC_WARN_UNINITIALIZED_AUTOS = YES_AGGRESSIVE;
				GCC_WARN_UNUSED_FUNCTION = YES;
				GCC_WARN_UNUSED_VARIABLE = YES;
				MACOSX_DEPLOYMENT_TARGET = 10.13;
				MTL_ENABLE_DEBUG_INFO = NO;
				SDKROOT = macosx;
			};
			name = Release;
		};
		8B3E99D321F26BE800FA2526 /* Debug */ = {
			isa = XCBuildConfiguration;
			buildSettings = {
				ASSETCATALOG_COMPILER_APPICON_NAME = AppIcon;
				CODE_SIGN_ENTITLEMENTS = Gameboy/Gameboy.entitlements;
				CODE_SIGN_STYLE = Automatic;
				COMBINE_HIDPI_IMAGES = YES;
				INFOPLIST_FILE = Gameboy/Info.plist;
				LD_RUNPATH_SEARCH_PATHS = (
					"$(inherited)",
					"@executable_path/../Frameworks",
				);
				PRODUCT_BUNDLE_IDENTIFIER = com.beeselmane.Gameboy;
				PRODUCT_NAME = "$(TARGET_NAME)";
			};
			name = Debug;
		};
		8B3E99D421F26BE800FA2526 /* Release */ = {
			isa = XCBuildConfiguration;
			buildSettings = {
				ASSETCATALOG_COMPILER_APPICON_NAME = AppIcon;
				CODE_SIGN_ENTITLEMENTS = Gameboy/Gameboy.entitlements;
				CODE_SIGN_STYLE = Automatic;
				COMBINE_HIDPI_IMAGES = YES;
				INFOPLIST_FILE = Gameboy/Info.plist;
				LD_RUNPATH_SEARCH_PATHS = (
					"$(inherited)",
					"@executable_path/../Frameworks",
				);
				PRODUCT_BUNDLE_IDENTIFIER = com.beeselmane.Gameboy;
				PRODUCT_NAME = "$(TARGET_NAME)";
			};
			name = Release;
		};
		8B3E99E321F533C100FA2526 /* Debug */ = {
			isa = XCBuildConfiguration;
			buildSettings = {
				CODE_SIGN_STYLE = Automatic;
				DYLIB_COMPATIBILITY_VERSION = 1;
				DYLIB_CURRENT_VERSION = 1;
				EXECUTABLE_PREFIX = lib;
				GCC_WARN_UNUSED_FUNCTION = NO;
				HEADER_SEARCH_PATHS = "$(SRCROOT)/libGameboy/headers";
				PRODUCT_NAME = "$(TARGET_NAME)";
				SKIP_INSTALL = YES;
			};
			name = Debug;
		};
		8B3E99E421F533C100FA2526 /* Release */ = {
			isa = XCBuildConfiguration;
			buildSettings = {
				CODE_SIGN_STYLE = Automatic;
				DYLIB_COMPATIBILITY_VERSION = 1;
				DYLIB_CURRENT_VERSION = 1;
				EXECUTABLE_PREFIX = lib;
				GCC_WARN_UNUSED_FUNCTION = NO;
				HEADER_SEARCH_PATHS = "$(SRCROOT)/libGameboy/headers";
				PRODUCT_NAME = "$(TARGET_NAME)";
				SKIP_INSTALL = YES;
			};
			name = Release;
		};
/* End XCBuildConfiguration section */

/* Begin XCConfigurationList section */
		8B3E99BC21F26BE600FA2526 /* Build configuration list for PBXProject "Gameboy" */ = {
			isa = XCConfigurationList;
			buildConfigurations = (
				8B3E99D021F26BE800FA2526 /* Debug */,
				8B3E99D121F26BE800FA2526 /* Release */,
			);
			defaultConfigurationIsVisible = 0;
			defaultConfigurationName = Release;
		};
		8B3E99D221F26BE800FA2526 /* Build configuration list for PBXNativeTarget "Gameboy" */ = {
			isa = XCConfigurationList;
			buildConfigurations = (
				8B3E99D321F26BE800FA2526 /* Debug */,
				8B3E99D421F26BE800FA2526 /* Release */,
			);
			defaultConfigurationIsVisible = 0;
			defaultConfigurationName = Release;
		};
		8B3E99E221F533C100FA2526 /* Build configuration list for PBXNativeTarget "Emulator" */ = {
			isa = XCConfigurationList;
			buildConfigurations = (
				8B3E99E321F533C100FA2526 /* Debug */,
				8B3E99E421F533C100FA2526 /* Release */,
			);
			defaultConfigurationIsVisible = 0;
			defaultConfigurationName = Release;
		};
/* End XCConfigurationList section */
	};
	rootObject = 8B3E99B921F26BE600FA2526 /* Project object */;
}
